
Microsoft Visual Studio Solution File, Format Version 12.00
# Visual Studio Version 17
VisualStudioVersion = 17.6.33815.320
MinimumVisualStudioVersion = 10.0.40219.1
Project("{FAE04EC0-301F-11D3-BF4B-00C04F79EFBC}") = "Console1", "Console1\Console1.csproj", "{C7EE6021-3C8C-426A-A5A4-FB54714AFB8D}"
EndProject
Global
	GlobalSection(SolutionConfigurationPlatforms) = preSolution
		Debug|Any CPU = Debug|Any CPU
		Release|Any CPU = Release|Any CPU
	EndGlobalSection
	GlobalSection(ProjectConfigurationPlatforms) = postSolution
		{C7EE6021-3C8C-426A-A5A4-FB54714AFB8D}.Debug|Any CPU.ActiveCfg = Debug|Any CPU
		{C7EE6021-3C8C-426A-A5A4-FB54714AFB8D}.Debug|Any CPU.Build.0 = Debug|Any CPU
		{C7EE6021-3C8C-426A-A5A4-FB54714AFB8D}.Release|Any CPU.ActiveCfg = Release|Any CPU
		{C7EE6021-3C8C-426A-A5A4-FB54714AFB8D}.Release|Any CPU.Build.0 = Release|Any CPU
	EndGlobalSection
	GlobalSection(SolutionProperties) = preSolution
		HideSolutionNode = FALSE
	EndGlobalSection
	GlobalSection(ExtensibilityGlobals) = postSolution
		SolutionGuid = {C5FCEBDF-0874-4F6A-8E90-BFF3BF30421E}
	EndGlobalSection
EndGlobal
